
Microsoft Visual Studio Solution File, Format Version 12.00
Project("{FAE04EC0-301F-11D3-BF4B-00C04F79EFBC}") = "Inventory-Management-Software", "Inventory-Management-Software\Inventory-Management-Software.csproj", "{B73BCF34-5402-4C4D-A9C3-145B49346EAB}"
EndProject
Project("{FAE04EC0-301F-11D3-BF4B-00C04F79EFBC}") = "Inventory-Management-Software.Core", "Inventory-Management-Software.Core\Inventory-Management-Software.Core.csproj", "{BFA50A74-AD58-46DD-91AC-60323F38A6A1}"
EndProject
Project("{FAE04EC0-301F-11D3-BF4B-00C04F79EFBC}") = "Inventory-Management-Software.Infrastructure", "Inventory-Management-Software.Infrastructure\Inventory-Management-Software.Infrastructure.csproj", "{312BF565-96D9-4FA4-B9C3-48D84D7BA7E1}"
EndProject
Project("{2150E333-8FDC-42A3-9474-1A3956D46DE8}") = "test", "test", "{5561625F-88F6-4FBB-ACDB-D96829749914}"
EndProject
Project("{FAE04EC0-301F-11D3-BF4B-00C04F79EFBC}") = "Inventory-Management-Software.Core.UnitTests", "Inventory-Management-Software.Core.UnitTests\Inventory-Management-Software.Core.UnitTests.csproj", "{3BBEFC50-9F9F-41CA-A8DC-F0E7F8F967C6}"
EndProject
Project("{FAE04EC0-301F-11D3-BF4B-00C04F79EFBC}") = "Inventory-Management-Software.Infrastructure.UnitTests", "Inventory-Management-Software.Infrastructure.UnitTests\Inventory-Management-Software.Infrastructure.UnitTests.csproj", "{C968E806-C619-4480-A97B-5A79C3B6C343}"
EndProject
Global
	GlobalSection(SolutionConfigurationPlatforms) = preSolution
		Debug|Any CPU = Debug|Any CPU
		Release|Any CPU = Release|Any CPU
	EndGlobalSection
	GlobalSection(ProjectConfigurationPlatforms) = postSolution
		{B73BCF34-5402-4C4D-A9C3-145B49346EAB}.Debug|Any CPU.ActiveCfg = Debug|Any CPU
		{B73BCF34-5402-4C4D-A9C3-145B49346EAB}.Debug|Any CPU.Build.0 = Debug|Any CPU
		{B73BCF34-5402-4C4D-A9C3-145B49346EAB}.Release|Any CPU.ActiveCfg = Release|Any CPU
		{B73BCF34-5402-4C4D-A9C3-145B49346EAB}.Release|Any CPU.Build.0 = Release|Any CPU
		{BFA50A74-AD58-46DD-91AC-60323F38A6A1}.Debug|Any CPU.ActiveCfg = Debug|Any CPU
		{BFA50A74-AD58-46DD-91AC-60323F38A6A1}.Debug|Any CPU.Build.0 = Debug|Any CPU
		{BFA50A74-AD58-46DD-91AC-60323F38A6A1}.Release|Any CPU.ActiveCfg = Release|Any CPU
		{BFA50A74-AD58-46DD-91AC-60323F38A6A1}.Release|Any CPU.Build.0 = Release|Any CPU
		{312BF565-96D9-4FA4-B9C3-48D84D7BA7E1}.Debug|Any CPU.ActiveCfg = Debug|Any CPU
		{312BF565-96D9-4FA4-B9C3-48D84D7BA7E1}.Debug|Any CPU.Build.0 = Debug|Any CPU
		{312BF565-96D9-4FA4-B9C3-48D84D7BA7E1}.Release|Any CPU.ActiveCfg = Release|Any CPU
		{312BF565-96D9-4FA4-B9C3-48D84D7BA7E1}.Release|Any CPU.Build.0 = Release|Any CPU
		{3BBEFC50-9F9F-41CA-A8DC-F0E7F8F967C6}.Debug|Any CPU.ActiveCfg = Debug|Any CPU
		{3BBEFC50-9F9F-41CA-A8DC-F0E7F8F967C6}.Debug|Any CPU.Build.0 = Debug|Any CPU
		{3BBEFC50-9F9F-41CA-A8DC-F0E7F8F967C6}.Release|Any CPU.ActiveCfg = Release|Any CPU
		{3BBEFC50-9F9F-41CA-A8DC-F0E7F8F967C6}.Release|Any CPU.Build.0 = Release|Any CPU
		{C968E806-C619-4480-A97B-5A79C3B6C343}.Debug|Any CPU.ActiveCfg = Debug|Any CPU
		{C968E806-C619-4480-A97B-5A79C3B6C343}.Debug|Any CPU.Build.0 = Debug|Any CPU
		{C968E806-C619-4480-A97B-5A79C3B6C343}.Release|Any CPU.ActiveCfg = Release|Any CPU
		{C968E806-C619-4480-A97B-5A79C3B6C343}.Release|Any CPU.Build.0 = Release|Any CPU
	EndGlobalSection
	GlobalSection(NestedProjects) = preSolution
		{3BBEFC50-9F9F-41CA-A8DC-F0E7F8F967C6} = {5561625F-88F6-4FBB-ACDB-D96829749914}
		{C968E806-C619-4480-A97B-5A79C3B6C343} = {5561625F-88F6-4FBB-ACDB-D96829749914}
	EndGlobalSection
EndGlobal
